{
  "nodes": {
    "home-manager": {
      "inputs": {
        "nixpkgs": [
          "nixpkgs"
        ]
      },
      "locked": {
        "lastModified": 1744038920,
        "narHash": "sha256-9a4V1wQXS8hXZtc7mRtz0qINkGW+C99aDrmXY6oYBFg=",
        "owner": "nix-community",
        "repo": "home-manager",
        "rev": "a4d8020820a85b47f842eae76ad083b0ec2a886a",
        "type": "github"
      },
      "original": {
        "owner": "nix-community",
        "repo": "home-manager",
        "type": "github"
      }
    },
    "nixpkgs": {
      "locked": {
        "lastModified": 1743964447,
        "narHash": "sha256-nEo1t3Q0F+0jQ36HJfbJtiRU4OI+/0jX/iITURKe3EE=",
        "owner": "nixos",
        "repo": "nixpkgs",
        "rev": "063dece00c5a77e4a0ea24e5e5a5bd75232806f8",
        "type": "github"
      },
      "original": {
        "owner": "nixos",
        "ref": "nixos-unstable",
        "repo": "nixpkgs",
        "type": "github"
      }
    },
    "root": {
      "inputs": {
        "home-manager": "home-manager",
        "nixpkgs": "nixpkgs"
      }
    }
  },
  "root": "root",
  "version": 7
}
